
Microsoft Visual Studio Solution File, Format Version 11.00
# Visual Studio 2010
Project("{FAE04EC0-301F-11D3-BF4B-00C04F79EFBC}") = "SiteCredentials", "SiteCredentials\SiteCredentials.csproj", "{6E28B34C-6D8B-4E66-95BD-219AEE58B1DF}"
EndProject
Project("{FAE04EC0-301F-11D3-BF4B-00C04F79EFBC}") = "SiteCredentials.DTO", "SiteCredentials.DTO\SiteCredentials.DTO.csproj", "{F8BA9AFA-51E3-4C76-802F-93E5806D74B5}"
EndProject
Project("{FAE04EC0-301F-11D3-BF4B-00C04F79EFBC}") = "SiteCredentials.Services", "SiteCredentials.Services\SiteCredentials.Services.csproj", "{6DA43550-8DBF-49BB-A960-183572876180}"
EndProject
Project("{FAE04EC0-301F-11D3-BF4B-00C04F79EFBC}") = "SiteCredentials.Services.Interfaces", "SiteCredentials.Services.Interfaces\SiteCredentials.Services.Interfaces.csproj", "{1460E3A0-78FE-4644-A90F-5AC209575613}"
EndProject
Project("{FAE04EC0-301F-11D3-BF4B-00C04F79EFBC}") = "SiteCredentials.Common", "SiteCredentials.Common\SiteCredentials.Common.csproj", "{2C84C721-E430-47E4-93E9-FABBD26E515F}"
EndProject
Project("{FAE04EC0-301F-11D3-BF4B-00C04F79EFBC}") = "SiteCredentials.Test", "SiteCredentials.Test\SiteCredentials.Test.csproj", "{0E2F7C0E-3F31-400E-90B2-5AC98E08FDAF}"
EndProject
Project("{2150E333-8FDC-42A3-9474-1A3956D46DE8}") = "Solution Items", "Solution Items", "{6265BA22-BEE8-4090-8250-C32E74F9DD2A}"
	ProjectSection(SolutionItems) = preProject
		SiteCredentials.vsmdi = SiteCredentials.vsmdi
		Local.testsettings = Local.testsettings
		TraceAndTestImpact.testsettings = TraceAndTestImpact.testsettings
	EndProjectSection
EndProject
Global
	GlobalSection(TestCaseManagementSettings) = postSolution
		CategoryFile = SiteCredentials.vsmdi
	EndGlobalSection
	GlobalSection(SolutionConfigurationPlatforms) = preSolution
		Debug|Any CPU = Debug|Any CPU
		Debug|Mixed Platforms = Debug|Mixed Platforms
		Debug|x86 = Debug|x86
		Release|Any CPU = Release|Any CPU
		Release|Mixed Platforms = Release|Mixed Platforms
		Release|x86 = Release|x86
	EndGlobalSection
	GlobalSection(ProjectConfigurationPlatforms) = postSolution
		{6E28B34C-6D8B-4E66-95BD-219AEE58B1DF}.Debug|Any CPU.ActiveCfg = Debug|x86
		{6E28B34C-6D8B-4E66-95BD-219AEE58B1DF}.Debug|Mixed Platforms.ActiveCfg = Debug|x86
		{6E28B34C-6D8B-4E66-95BD-219AEE58B1DF}.Debug|Mixed Platforms.Build.0 = Debug|x86
		{6E28B34C-6D8B-4E66-95BD-219AEE58B1DF}.Debug|x86.ActiveCfg = Debug|x86
		{6E28B34C-6D8B-4E66-95BD-219AEE58B1DF}.Debug|x86.Build.0 = Debug|x86
		{6E28B34C-6D8B-4E66-95BD-219AEE58B1DF}.Release|Any CPU.ActiveCfg = Release|x86
		{6E28B34C-6D8B-4E66-95BD-219AEE58B1DF}.Release|Mixed Platforms.ActiveCfg = Release|x86
		{6E28B34C-6D8B-4E66-95BD-219AEE58B1DF}.Release|Mixed Platforms.Build.0 = Release|x86
		{6E28B34C-6D8B-4E66-95BD-219AEE58B1DF}.Release|x86.ActiveCfg = Release|x86
		{6E28B34C-6D8B-4E66-95BD-219AEE58B1DF}.Release|x86.Build.0 = Release|x86
		{F8BA9AFA-51E3-4C76-802F-93E5806D74B5}.Debug|Any CPU.ActiveCfg = Debug|Any CPU
		{F8BA9AFA-51E3-4C76-802F-93E5806D74B5}.Debug|Any CPU.Build.0 = Debug|Any CPU
		{F8BA9AFA-51E3-4C76-802F-93E5806D74B5}.Debug|Mixed Platforms.ActiveCfg = Debug|Any CPU
		{F8BA9AFA-51E3-4C76-802F-93E5806D74B5}.Debug|Mixed Platforms.Build.0 = Debug|Any CPU
		{F8BA9AFA-51E3-4C76-802F-93E5806D74B5}.Debug|x86.ActiveCfg = Debug|Any CPU
		{F8BA9AFA-51E3-4C76-802F-93E5806D74B5}.Release|Any CPU.ActiveCfg = Release|Any CPU
		{F8BA9AFA-51E3-4C76-802F-93E5806D74B5}.Release|Any CPU.Build.0 = Release|Any CPU
		{F8BA9AFA-51E3-4C76-802F-93E5806D74B5}.Release|Mixed Platforms.ActiveCfg = Release|Any CPU
		{F8BA9AFA-51E3-4C76-802F-93E5806D74B5}.Release|Mixed Platforms.Build.0 = Release|Any CPU
		{F8BA9AFA-51E3-4C76-802F-93E5806D74B5}.Release|x86.ActiveCfg = Release|Any CPU
		{6DA43550-8DBF-49BB-A960-183572876180}.Debug|Any CPU.ActiveCfg = Debug|Any CPU
		{6DA43550-8DBF-49BB-A960-183572876180}.Debug|Any CPU.Build.0 = Debug|Any CPU
		{6DA43550-8DBF-49BB-A960-183572876180}.Debug|Mixed Platforms.ActiveCfg = Debug|Any CPU
		{6DA43550-8DBF-49BB-A960-183572876180}.Debug|Mixed Platforms.Build.0 = Debug|Any CPU
		{6DA43550-8DBF-49BB-A960-183572876180}.Debug|x86.ActiveCfg = Debug|Any CPU
		{6DA43550-8DBF-49BB-A960-183572876180}.Release|Any CPU.ActiveCfg = Release|Any CPU
		{6DA43550-8DBF-49BB-A960-183572876180}.Release|Any CPU.Build.0 = Release|Any CPU
		{6DA43550-8DBF-49BB-A960-183572876180}.Release|Mixed Platforms.ActiveCfg = Release|Any CPU
		{6DA43550-8DBF-49BB-A960-183572876180}.Release|Mixed Platforms.Build.0 = Release|Any CPU
		{6DA43550-8DBF-49BB-A960-183572876180}.Release|x86.ActiveCfg = Release|Any CPU
		{1460E3A0-78FE-4644-A90F-5AC209575613}.Debug|Any CPU.ActiveCfg = Debug|Any CPU
		{1460E3A0-78FE-4644-A90F-5AC209575613}.Debug|Any CPU.Build.0 = Debug|Any CPU
		{1460E3A0-78FE-4644-A90F-5AC209575613}.Debug|Mixed Platforms.ActiveCfg = Debug|Any CPU
		{1460E3A0-78FE-4644-A90F-5AC209575613}.Debug|Mixed Platforms.Build.0 = Debug|Any CPU
		{1460E3A0-78FE-4644-A90F-5AC209575613}.Debug|x86.ActiveCfg = Debug|Any CPU
		{1460E3A0-78FE-4644-A90F-5AC209575613}.Release|Any CPU.ActiveCfg = Release|Any CPU
		{1460E3A0-78FE-4644-A90F-5AC209575613}.Release|Any CPU.Build.0 = Release|Any CPU
		{1460E3A0-78FE-4644-A90F-5AC209575613}.Release|Mixed Platforms.ActiveCfg = Release|Any CPU
		{1460E3A0-78FE-4644-A90F-5AC209575613}.Release|Mixed Platforms.Build.0 = Release|Any CPU
		{1460E3A0-78FE-4644-A90F-5AC209575613}.Release|x86.ActiveCfg = Release|Any CPU
		{2C84C721-E430-47E4-93E9-FABBD26E515F}.Debug|Any CPU.ActiveCfg = Debug|Any CPU
		{2C84C721-E430-47E4-93E9-FABBD26E515F}.Debug|Any CPU.Build.0 = Debug|Any CPU
		{2C84C721-E430-47E4-93E9-FABBD26E515F}.Debug|Mixed Platforms.ActiveCfg = Debug|Any CPU
		{2C84C721-E430-47E4-93E9-FABBD26E515F}.Debug|Mixed Platforms.Build.0 = Debug|Any CPU
		{2C84C721-E430-47E4-93E9-FABBD26E515F}.Debug|x86.ActiveCfg = Debug|Any CPU
		{2C84C721-E430-47E4-93E9-FABBD26E515F}.Release|Any CPU.ActiveCfg = Release|Any CPU
		{2C84C721-E430-47E4-93E9-FABBD26E515F}.Release|Any CPU.Build.0 = Release|Any CPU
		{2C84C721-E430-47E4-93E9-FABBD26E515F}.Release|Mixed Platforms.ActiveCfg = Release|Any CPU
		{2C84C721-E430-47E4-93E9-FABBD26E515F}.Release|Mixed Platforms.Build.0 = Release|Any CPU
		{2C84C721-E430-47E4-93E9-FABBD26E515F}.Release|x86.ActiveCfg = Release|Any CPU
		{0E2F7C0E-3F31-400E-90B2-5AC98E08FDAF}.Debug|Any CPU.ActiveCfg = Debug|Any CPU
		{0E2F7C0E-3F31-400E-90B2-5AC98E08FDAF}.Debug|Any CPU.Build.0 = Debug|Any CPU
		{0E2F7C0E-3F31-400E-90B2-5AC98E08FDAF}.Debug|Mixed Platforms.ActiveCfg = Debug|Any CPU
		{0E2F7C0E-3F31-400E-90B2-5AC98E08FDAF}.Debug|Mixed Platforms.Build.0 = Debug|Any CPU
		{0E2F7C0E-3F31-400E-90B2-5AC98E08FDAF}.Debug|x86.ActiveCfg = Debug|Any CPU
		{0E2F7C0E-3F31-400E-90B2-5AC98E08FDAF}.Release|Any CPU.ActiveCfg = Release|Any CPU
		{0E2F7C0E-3F31-400E-90B2-5AC98E08FDAF}.Release|Any CPU.Build.0 = Release|Any CPU
		{0E2F7C0E-3F31-400E-90B2-5AC98E08FDAF}.Release|Mixed Platforms.ActiveCfg = Release|Any CPU
		{0E2F7C0E-3F31-400E-90B2-5AC98E08FDAF}.Release|Mixed Platforms.Build.0 = Release|Any CPU
		{0E2F7C0E-3F31-400E-90B2-5AC98E08FDAF}.Release|x86.ActiveCfg = Release|Any CPU
	EndGlobalSection
	GlobalSection(SolutionProperties) = preSolution
		HideSolutionNode = FALSE
	EndGlobalSection
EndGlobal
